
Microsoft Visual Studio Solution File, Format Version 12.00
# Visual Studio Version 17
VisualStudioVersion = 17.4.33213.308
MinimumVisualStudioVersion = 10.0.40219.1
Project("{FAE04EC0-301F-11D3-BF4B-00C04F79EFBC}") = "Program4", "Program4\Program4.csproj", "{BC4FFCFC-7C29-4C98-AD9D-7866F0F6C2BF}"
EndProject
Global
	GlobalSection(SolutionConfigurationPlatforms) = preSolution
		Debug|Any CPU = Debug|Any CPU
		Release|Any CPU = Release|Any CPU
	EndGlobalSection
	GlobalSection(ProjectConfigurationPlatforms) = postSolution
		{BC4FFCFC-7C29-4C98-AD9D-7866F0F6C2BF}.Debug|Any CPU.ActiveCfg = Debug|Any CPU
		{BC4FFCFC-7C29-4C98-AD9D-7866F0F6C2BF}.Debug|Any CPU.Build.0 = Debug|Any CPU
		{BC4FFCFC-7C29-4C98-AD9D-7866F0F6C2BF}.Release|Any CPU.ActiveCfg = Release|Any CPU
		{BC4FFCFC-7C29-4C98-AD9D-7866F0F6C2BF}.Release|Any CPU.Build.0 = Release|Any CPU
	EndGlobalSection
	GlobalSection(SolutionProperties) = preSolution
		HideSolutionNode = FALSE
	EndGlobalSection
	GlobalSection(ExtensibilityGlobals) = postSolution
		SolutionGuid = {6E3FC360-A77A-4D73-AE7D-BB0BB4510B65}
	EndGlobalSection
EndGlobal
